<?xml version="1.0" encoding="utf-8"?>
<Project ToolsVersion="4.0" xmlns="http://schemas.microsoft.com/developer/msbuild/2003">
  <ItemGroup>
    <Filter Include="Source Files">
      <UniqueIdentifier>{4FC737F1-C7A5-4376-A066-2A32D752A2FF}</UniqueIdentifier>
      <Extensions>cpp;c;cxx;def;odl;idl;hpj;bat;asm;asmx</Extensions>
    </Filter>
    <Filter Include="Source Files\sqlite-src">
      <UniqueIdentifier>{09afee74-51e9-4f89-8f87-ef51827583c4}</UniqueIdentifier>
    </Filter>
    <Filter Include="Source Files\domino">
      <UniqueIdentifier>{932d62e5-d036-4c1d-9472-8395a64c3b37}</UniqueIdentifier>
    </Filter>
    <Filter Include="Header Files">
      <UniqueIdentifier>{93995380-89BD-4b04-88EB-625FBE52EBFB}</UniqueIdentifier>
      <Extensions>h;hpp;hxx;hm;inl;inc;xsd</Extensions>
    </Filter>
    <Filter Include="Resource Files">
      <UniqueIdentifier>{67DA6AB6-F800-4c08-8B7A-83BB121AAD01}</UniqueIdentifier>
      <Extensions>rc;ico;cur;bmp;dlg;rc2;rct;bin;rgs;gif;jpg;jpeg;jpe;resx</Extensions>
    </Filter>
  </ItemGroup>
  <ItemGroup>
    <ClCompile Include="domino\DominoExt.cpp">
      <Filter>Source Files</Filter>
    </ClCompile>
    <ClCompile Include="domino\DomSQL.cpp">
      <Filter>Source Files</Filter>
    </ClCompile>
    <ClCompile Include="domino\JNIHelper.cpp">
      <Filter>Source Files</Filter>
    </ClCompile>
    <ClCompile Include="domino\MainDLL.cpp">
      <Filter>Source Files</Filter>
    </ClCompile>
    <ClCompile Include="domino\NotesAPI.cpp">
      <Filter>Source Files</Filter>
    </ClCompile>
    <ClCompile Include="domino\NotesHelpers.cpp">
      <Filter>Source Files</Filter>
    </ClCompile>
    <ClCompile Include="domino\SQLite.cpp">
      <Filter>Source Files</Filter>
    </ClCompile>
    <ClCompile Include="sqlitesrc\sqlite3.c">
      <Filter>Source Files</Filter>
    </ClCompile>
  </ItemGroup>
  <ItemGroup>
    <ClInclude Include="domino\allinc.h">
      <Filter>Header Files</Filter>
    </ClInclude>
    <ClInclude Include="domino\jnihelper.h">
      <Filter>Header Files</Filter>
    </ClInclude>
    <ClInclude Include="domino\noteshelper.h">
      <Filter>Header Files</Filter>
    </ClInclude>
    <ClInclude Include="domino\DomSQL.h">
      <Filter>Header Files</Filter>
    </ClInclude>
    <ClInclude Include="sqlitesrc\sqlite3.h">
      <Filter>Header Files</Filter>
    </ClInclude>
    <ClInclude Include="sqlitesrc\sqlite3ext.h">
      <Filter>Header Files</Filter>
    </ClInclude>
    <ClInclude Include="sqlitesrc\SQLiteGlobal.h">
      <Filter>Header Files</Filter>
    </ClInclude>
  </ItemGroup>
</Project>